
Microsoft Visual Studio Solution File, Format Version 12.00
# Visual Studio Version 17
VisualStudioVersion = 17.0.31912.275
MinimumVisualStudioVersion = 10.0.40219.1
Project("{FAE04EC0-301F-11D3-BF4B-00C04F79EFBC}") = "LeaveManagement.Web", "LeaveManagement.Web\LeaveManagement.Web.csproj", "{77D4519D-33ED-4F45-9D68-7FB03B7EFA7E}"
EndProject
Global
	GlobalSection(SolutionConfigurationPlatforms) = preSolution
		Debug|Any CPU = Debug|Any CPU
		Release|Any CPU = Release|Any CPU
	EndGlobalSection
	GlobalSection(ProjectConfigurationPlatforms) = postSolution
		{77D4519D-33ED-4F45-9D68-7FB03B7EFA7E}.Debug|Any CPU.ActiveCfg = Debug|Any CPU
		{77D4519D-33ED-4F45-9D68-7FB03B7EFA7E}.Debug|Any CPU.Build.0 = Debug|Any CPU
		{77D4519D-33ED-4F45-9D68-7FB03B7EFA7E}.Release|Any CPU.ActiveCfg = Release|Any CPU
		{77D4519D-33ED-4F45-9D68-7FB03B7EFA7E}.Release|Any CPU.Build.0 = Release|Any CPU
	EndGlobalSection
	GlobalSection(SolutionProperties) = preSolution
		HideSolutionNode = FALSE
	EndGlobalSection
	GlobalSection(ExtensibilityGlobals) = postSolution
		SolutionGuid = {18E1CE36-524D-4383-83CC-2B6A83D95035}
	EndGlobalSection
EndGlobal
